
Microsoft Visual Studio Solution File, Format Version 12.00
# Visual Studio Version 17
VisualStudioVersion = 17.7.34018.315
MinimumVisualStudioVersion = 10.0.40219.1
Project("{FAE04EC0-301F-11D3-BF4B-00C04F79EFBC}") = "vetor8", "vetor8\vetor8.csproj", "{57C6BD8B-1304-49C3-9FC1-86179EE77881}"
EndProject
Global
	GlobalSection(SolutionConfigurationPlatforms) = preSolution
		Debug|Any CPU = Debug|Any CPU
		Release|Any CPU = Release|Any CPU
	EndGlobalSection
	GlobalSection(ProjectConfigurationPlatforms) = postSolution
		{57C6BD8B-1304-49C3-9FC1-86179EE77881}.Debug|Any CPU.ActiveCfg = Debug|Any CPU
		{57C6BD8B-1304-49C3-9FC1-86179EE77881}.Debug|Any CPU.Build.0 = Debug|Any CPU
		{57C6BD8B-1304-49C3-9FC1-86179EE77881}.Release|Any CPU.ActiveCfg = Release|Any CPU
		{57C6BD8B-1304-49C3-9FC1-86179EE77881}.Release|Any CPU.Build.0 = Release|Any CPU
	EndGlobalSection
	GlobalSection(SolutionProperties) = preSolution
		HideSolutionNode = FALSE
	EndGlobalSection
	GlobalSection(ExtensibilityGlobals) = postSolution
		SolutionGuid = {DFCC2F80-C4CD-4F0D-A864-D90E9FCF49B5}
	EndGlobalSection
EndGlobal
